
Microsoft Visual Studio Solution File, Format Version 12.00
# Visual Studio Version 17
VisualStudioVersion = 17.9.34607.119
MinimumVisualStudioVersion = 10.0.40219.1
Project("{FAE04EC0-301F-11D3-BF4B-00C04F79EFBC}") = "GPO_Test", "GPO_Test\GPO_Test.csproj", "{C9D13FD6-AE10-4D21-BFA8-41F903038EFD}"
EndProject
Global
	GlobalSection(SolutionConfigurationPlatforms) = preSolution
		Debug|Any CPU = Debug|Any CPU
		Release|Any CPU = Release|Any CPU
	EndGlobalSection
	GlobalSection(ProjectConfigurationPlatforms) = postSolution
		{C9D13FD6-AE10-4D21-BFA8-41F903038EFD}.Debug|Any CPU.ActiveCfg = Debug|Any CPU
		{C9D13FD6-AE10-4D21-BFA8-41F903038EFD}.Debug|Any CPU.Build.0 = Debug|Any CPU
		{C9D13FD6-AE10-4D21-BFA8-41F903038EFD}.Release|Any CPU.ActiveCfg = Release|Any CPU
		{C9D13FD6-AE10-4D21-BFA8-41F903038EFD}.Release|Any CPU.Build.0 = Release|Any CPU
	EndGlobalSection
	GlobalSection(SolutionProperties) = preSolution
		HideSolutionNode = FALSE
	EndGlobalSection
	GlobalSection(ExtensibilityGlobals) = postSolution
		SolutionGuid = {ECB67E13-FA04-4CC5-8CEB-3A6E4B485A65}
	EndGlobalSection
EndGlobal
